// !$*UTF8*$!
{
	archiveVersion = 1;
	classes = {
	};
	objectVersion = 50;
	objects = {

/* Begin PBXBuildFile section */
		028F7AA2346CB9491459E5BE /* Pods_AllIn.framework in Frameworks */ = {isa = PBXBuildFile; fileRef = 012247213863686788F70EA5 /* Pods_AllIn.framework */; };
		4E4EAAA720A1B86E00FEE9C3 /* AppDelegate.swift in Sources */ = {isa = PBXBuildFile; fileRef = 4E4EAAA620A1B86E00FEE9C3 /* AppDelegate.swift */; };
		4E4EAAA920A1B86E00FEE9C3 /* ViewController.swift in Sources */ = {isa = PBXBuildFile; fileRef = 4E4EAAA820A1B86E00FEE9C3 /* ViewController.swift */; };
		4E4EAAAC20A1B86E00FEE9C3 /* Main.storyboard in Resources */ = {isa = PBXBuildFile; fileRef = 4E4EAAAA20A1B86E00FEE9C3 /* Main.storyboard */; };
		4E4EAAAE20A1B86F00FEE9C3 /* Assets.xcassets in Resources */ = {isa = PBXBuildFile; fileRef = 4E4EAAAD20A1B86F00FEE9C3 /* Assets.xcassets */; };
		4E4EAAB120A1B86F00FEE9C3 /* LaunchScreen.storyboard in Resources */ = {isa = PBXBuildFile; fileRef = 4E4EAAAF20A1B86F00FEE9C3 /* LaunchScreen.storyboard */; };
		4ED4CFFC20A1C4EC009AABDE /* Auth.storyboard in Resources */ = {isa = PBXBuildFile; fileRef = 4ED4CFFB20A1C4EC009AABDE /* Auth.storyboard */; };
		4ED4CFFE20A1C51E009AABDE /* StartingViewController.swift in Sources */ = {isa = PBXBuildFile; fileRef = 4ED4CFFD20A1C51E009AABDE /* StartingViewController.swift */; };
		4ED4D00020A1C545009AABDE /* SignInViewController.swift in Sources */ = {isa = PBXBuildFile; fileRef = 4ED4CFFF20A1C545009AABDE /* SignInViewController.swift */; };
		4ED4D00220A1C553009AABDE /* ResetPasswordViewController.swift in Sources */ = {isa = PBXBuildFile; fileRef = 4ED4D00120A1C553009AABDE /* ResetPasswordViewController.swift */; };
		4ED4D00520A1C5D9009AABDE /* BaseViewController.swift in Sources */ = {isa = PBXBuildFile; fileRef = 4ED4D00420A1C5D9009AABDE /* BaseViewController.swift */; };
		4ED4D00720A1D175009AABDE /* UIExtension.swift in Sources */ = {isa = PBXBuildFile; fileRef = 4ED4D00620A1D175009AABDE /* UIExtension.swift */; };
		4ED4D00B20A1D919009AABDE /* CustomButton.swift in Sources */ = {isa = PBXBuildFile; fileRef = 4ED4D00A20A1D919009AABDE /* CustomButton.swift */; };
		4ED4D00F20A1E1E5009AABDE /* CustomView.swift in Sources */ = {isa = PBXBuildFile; fileRef = 4ED4D00E20A1E1E5009AABDE /* CustomView.swift */; };
		4ED4D01020A1F573009AABDE /* SF-Pro-Display-Medium.otf in Resources */ = {isa = PBXBuildFile; fileRef = 4ED4CFF620A1C338009AABDE /* SF-Pro-Display-Medium.otf */; };
		4ED4D01120A1F573009AABDE /* SF-Pro-Display-Bold.otf in Resources */ = {isa = PBXBuildFile; fileRef = 4ED4CFF520A1C324009AABDE /* SF-Pro-Display-Bold.otf */; };
		4ED4D01220A1F573009AABDE /* SF-Pro-Display-Light.otf in Resources */ = {isa = PBXBuildFile; fileRef = 4ED4CFF720A1C33E009AABDE /* SF-Pro-Display-Light.otf */; };
		4ED4D01320A1F573009AABDE /* SF-Pro-Display-Semibold.otf in Resources */ = {isa = PBXBuildFile; fileRef = 4ED4CFF820A1C34C009AABDE /* SF-Pro-Display-Semibold.otf */; };
		4ED4D01420A1F573009AABDE /* SF-Pro-Display-Regular.otf in Resources */ = {isa = PBXBuildFile; fileRef = 4ED4CFF420A1C309009AABDE /* SF-Pro-Display-Regular.otf */; };
		4ED4D01520A1F573009AABDE /* SFProText-Light.ttf in Resources */ = {isa = PBXBuildFile; fileRef = 4ED4CFF920A1C35E009AABDE /* SFProText-Light.ttf */; };
		4ED4D01720A1F803009AABDE /* DeviceExtensions.swift in Sources */ = {isa = PBXBuildFile; fileRef = 4ED4D01620A1F803009AABDE /* DeviceExtensions.swift */; };
		4ED4D01920A1F8B7009AABDE /* CustomLabel.swift in Sources */ = {isa = PBXBuildFile; fileRef = 4ED4D01820A1F8B7009AABDE /* CustomLabel.swift */; };
		4ED4D01B20A20B1A009AABDE /* FloatLabelTextField.swift in Sources */ = {isa = PBXBuildFile; fileRef = 4ED4D01A20A20B1A009AABDE /* FloatLabelTextField.swift */; };
/* End PBXBuildFile section */

/* Begin PBXFileReference section */
		012247213863686788F70EA5 /* Pods_AllIn.framework */ = {isa = PBXFileReference; explicitFileType = wrapper.framework; includeInIndex = 0; path = Pods_AllIn.framework; sourceTree = BUILT_PRODUCTS_DIR; };
		1CF6C885F934E8A4A2FA3081 /* Pods-AllIn.debug.xcconfig */ = {isa = PBXFileReference; includeInIndex = 1; lastKnownFileType = text.xcconfig; name = "Pods-AllIn.debug.xcconfig"; path = "Pods/Target Support Files/Pods-AllIn/Pods-AllIn.debug.xcconfig"; sourceTree = "<group>"; };
		4E4EAAA320A1B86E00FEE9C3 /* AllIn.app */ = {isa = PBXFileReference; explicitFileType = wrapper.application; includeInIndex = 0; path = AllIn.app; sourceTree = BUILT_PRODUCTS_DIR; };
		4E4EAAA620A1B86E00FEE9C3 /* AppDelegate.swift */ = {isa = PBXFileReference; lastKnownFileType = sourcecode.swift; path = AppDelegate.swift; sourceTree = "<group>"; };
		4E4EAAA820A1B86E00FEE9C3 /* ViewController.swift */ = {isa = PBXFileReference; lastKnownFileType = sourcecode.swift; path = ViewController.swift; sourceTree = "<group>"; };
		4E4EAAAB20A1B86E00FEE9C3 /* Base */ = {isa = PBXFileReference; lastKnownFileType = file.storyboard; name = Base; path = Base.lproj/Main.storyboard; sourceTree = "<group>"; };
		4E4EAAAD20A1B86F00FEE9C3 /* Assets.xcassets */ = {isa = PBXFileReference; lastKnownFileType = folder.assetcatalog; path = Assets.xcassets; sourceTree = "<group>"; };
		4E4EAAB020A1B86F00FEE9C3 /* Base */ = {isa = PBXFileReference; lastKnownFileType = file.storyboard; name = Base; path = Base.lproj/LaunchScreen.storyboard; sourceTree = "<group>"; };
		4E4EAAB220A1B86F00FEE9C3 /* Info.plist */ = {isa = PBXFileReference; lastKnownFileType = text.plist.xml; path = Info.plist; sourceTree = "<group>"; };
		4ED4CFF420A1C309009AABDE /* SF-Pro-Display-Regular.otf */ = {isa = PBXFileReference; lastKnownFileType = file; path = "SF-Pro-Display-Regular.otf"; sourceTree = "<group>"; };
		4ED4CFF520A1C324009AABDE /* SF-Pro-Display-Bold.otf */ = {isa = PBXFileReference; lastKnownFileType = file; path = "SF-Pro-Display-Bold.otf"; sourceTree = "<group>"; };
		4ED4CFF620A1C338009AABDE /* SF-Pro-Display-Medium.otf */ = {isa = PBXFileReference; lastKnownFileType = file; path = "SF-Pro-Display-Medium.otf"; sourceTree = "<group>"; };
		4ED4CFF720A1C33E009AABDE /* SF-Pro-Display-Light.otf */ = {isa = PBXFileReference; lastKnownFileType = file; path = "SF-Pro-Display-Light.otf"; sourceTree = "<group>"; };
		4ED4CFF820A1C34C009AABDE /* SF-Pro-Display-Semibold.otf */ = {isa = PBXFileReference; lastKnownFileType = file; path = "SF-Pro-Display-Semibold.otf"; sourceTree = "<group>"; };
		4ED4CFF920A1C35E009AABDE /* SFProText-Light.ttf */ = {isa = PBXFileReference; lastKnownFileType = file; path = "SFProText-Light.ttf"; sourceTree = "<group>"; };
		4ED4CFFB20A1C4EC009AABDE /* Auth.storyboard */ = {isa = PBXFileReference; lastKnownFileType = file.storyboard; path = Auth.storyboard; sourceTree = "<group>"; };
		4ED4CFFD20A1C51E009AABDE /* StartingViewController.swift */ = {isa = PBXFileReference; lastKnownFileType = sourcecode.swift; path = StartingViewController.swift; sourceTree = "<group>"; };
		4ED4CFFF20A1C545009AABDE /* SignInViewController.swift */ = {isa = PBXFileReference; lastKnownFileType = sourcecode.swift; path = SignInViewController.swift; sourceTree = "<group>"; };
		4ED4D00120A1C553009AABDE /* ResetPasswordViewController.swift */ = {isa = PBXFileReference; lastKnownFileType = sourcecode.swift; path = ResetPasswordViewController.swift; sourceTree = "<group>"; };
		4ED4D00420A1C5D9009AABDE /* BaseViewController.swift */ = {isa = PBXFileReference; lastKnownFileType = sourcecode.swift; path = BaseViewController.swift; sourceTree = "<group>"; };
		4ED4D00620A1D175009AABDE /* UIExtension.swift */ = {isa = PBXFileReference; lastKnownFileType = sourcecode.swift; path = UIExtension.swift; sourceTree = "<group>"; };
		4ED4D00A20A1D919009AABDE /* CustomButton.swift */ = {isa = PBXFileReference; lastKnownFileType = sourcecode.swift; path = CustomButton.swift; sourceTree = "<group>"; };
		4ED4D00E20A1E1E5009AABDE /* CustomView.swift */ = {isa = PBXFileReference; lastKnownFileType = sourcecode.swift; path = CustomView.swift; sourceTree = "<group>"; };
		4ED4D01620A1F803009AABDE /* DeviceExtensions.swift */ = {isa = PBXFileReference; lastKnownFileType = sourcecode.swift; path = DeviceExtensions.swift; sourceTree = "<group>"; };
		4ED4D01820A1F8B7009AABDE /* CustomLabel.swift */ = {isa = PBXFileReference; lastKnownFileType = sourcecode.swift; path = CustomLabel.swift; sourceTree = "<group>"; };
		4ED4D01A20A20B1A009AABDE /* FloatLabelTextField.swift */ = {isa = PBXFileReference; lastKnownFileType = sourcecode.swift; path = FloatLabelTextField.swift; sourceTree = "<group>"; };
		4ED4D01C20A20F4A009AABDE /* SFProText-Regular.ttf */ = {isa = PBXFileReference; lastKnownFileType = file; path = "SFProText-Regular.ttf"; sourceTree = "<group>"; };
		724BEF1A451BBD68079CF040 /* Pods-AllIn.release.xcconfig */ = {isa = PBXFileReference; includeInIndex = 1; lastKnownFileType = text.xcconfig; name = "Pods-AllIn.release.xcconfig"; path = "Pods/Target Support Files/Pods-AllIn/Pods-AllIn.release.xcconfig"; sourceTree = "<group>"; };
/* End PBXFileReference section */

/* Begin PBXFrameworksBuildPhase section */
		4E4EAAA020A1B86E00FEE9C3 /* Frameworks */ = {
			isa = PBXFrameworksBuildPhase;
			buildActionMask = 2147483647;
			files = (
				028F7AA2346CB9491459E5BE /* Pods_AllIn.framework in Frameworks */,
			);
			runOnlyForDeploymentPostprocessing = 0;
		};
/* End PBXFrameworksBuildPhase section */

/* Begin PBXGroup section */
		1BD9A22ADF6723F43D8D1897 /* Frameworks */ = {
			isa = PBXGroup;
			children = (
				012247213863686788F70EA5 /* Pods_AllIn.framework */,
			);
			name = Frameworks;
			sourceTree = "<group>";
		};
		36C7997093FE5B7CBE79857E /* Pods */ = {
			isa = PBXGroup;
			children = (
				1CF6C885F934E8A4A2FA3081 /* Pods-AllIn.debug.xcconfig */,
				724BEF1A451BBD68079CF040 /* Pods-AllIn.release.xcconfig */,
			);
			name = Pods;
			sourceTree = "<group>";
		};
		4E4EAA9A20A1B86E00FEE9C3 = {
			isa = PBXGroup;
			children = (
				4E4EAAA520A1B86E00FEE9C3 /* AllIn */,
				4E4EAAA420A1B86E00FEE9C3 /* Products */,
				36C7997093FE5B7CBE79857E /* Pods */,
				1BD9A22ADF6723F43D8D1897 /* Frameworks */,
			);
			sourceTree = "<group>";
		};
		4E4EAAA420A1B86E00FEE9C3 /* Products */ = {
			isa = PBXGroup;
			children = (
				4E4EAAA320A1B86E00FEE9C3 /* AllIn.app */,
			);
			name = Products;
			sourceTree = "<group>";
		};
		4E4EAAA520A1B86E00FEE9C3 /* AllIn */ = {
			isa = PBXGroup;
			children = (
				4E4EAAA620A1B86E00FEE9C3 /* AppDelegate.swift */,
				4E4EAAAA20A1B86E00FEE9C3 /* Main.storyboard */,
				4E4EAAA820A1B86E00FEE9C3 /* ViewController.swift */,
				4ED4D00820A1D8D8009AABDE /* Custom */,
				4ED4CFFA20A1C4DD009AABDE /* Auth */,
				4ED4D00320A1C59C009AABDE /* Common */,
				4ED4CFF220A1C205009AABDE /* Supporting Files */,
			);
			path = AllIn;
			sourceTree = "<group>";
		};
		4ED4CFF220A1C205009AABDE /* Supporting Files */ = {
			isa = PBXGroup;
			children = (
				4E4EAAAD20A1B86F00FEE9C3 /* Assets.xcassets */,
				4E4EAAAF20A1B86F00FEE9C3 /* LaunchScreen.storyboard */,
				4E4EAAB220A1B86F00FEE9C3 /* Info.plist */,
				4ED4CFF320A1C231009AABDE /* Fonts */,
			);
			path = "Supporting Files";
			sourceTree = "<group>";
		};
		4ED4CFF320A1C231009AABDE /* Fonts */ = {
			isa = PBXGroup;
			children = (
				4ED4CFF620A1C338009AABDE /* SF-Pro-Display-Medium.otf */,
				4ED4CFF520A1C324009AABDE /* SF-Pro-Display-Bold.otf */,
				4ED4D01C20A20F4A009AABDE /* SFProText-Regular.ttf */,
				4ED4CFF720A1C33E009AABDE /* SF-Pro-Display-Light.otf */,
				4ED4CFF820A1C34C009AABDE /* SF-Pro-Display-Semibold.otf */,
				4ED4CFF420A1C309009AABDE /* SF-Pro-Display-Regular.otf */,
				4ED4CFF920A1C35E009AABDE /* SFProText-Light.ttf */,
			);
			path = Fonts;
			sourceTree = "<group>";
		};
		4ED4CFFA20A1C4DD009AABDE /* Auth */ = {
			isa = PBXGroup;
			children = (
				4ED4CFFB20A1C4EC009AABDE /* Auth.storyboard */,
				4ED4CFFD20A1C51E009AABDE /* StartingViewController.swift */,
				4ED4CFFF20A1C545009AABDE /* SignInViewController.swift */,
				4ED4D00120A1C553009AABDE /* ResetPasswordViewController.swift */,
			);
			path = Auth;
			sourceTree = "<group>";
		};
		4ED4D00320A1C59C009AABDE /* Common */ = {
			isa = PBXGroup;
			children = (
				4ED4D00420A1C5D9009AABDE /* BaseViewController.swift */,
				4ED4D01620A1F803009AABDE /* DeviceExtensions.swift */,
				4ED4D00620A1D175009AABDE /* UIExtension.swift */,
			);
			path = Common;
			sourceTree = "<group>";
		};
		4ED4D00820A1D8D8009AABDE /* Custom */ = {
			isa = PBXGroup;
			children = (
				4ED4D00A20A1D919009AABDE /* CustomButton.swift */,
				4ED4D01820A1F8B7009AABDE /* CustomLabel.swift */,
				4ED4D00E20A1E1E5009AABDE /* CustomView.swift */,
				4ED4D01A20A20B1A009AABDE /* FloatLabelTextField.swift */,
			);
			path = Custom;
			sourceTree = "<group>";
		};
/* End PBXGroup section */

/* Begin PBXNativeTarget section */
		4E4EAAA220A1B86E00FEE9C3 /* AllIn */ = {
			isa = PBXNativeTarget;
			buildConfigurationList = 4E4EAAB520A1B86F00FEE9C3 /* Build configuration list for PBXNativeTarget "AllIn" */;
			buildPhases = (
				4EA9D1C9E056A7CC3AA6BD4D /* [CP] Check Pods Manifest.lock */,
				4E4EAA9F20A1B86E00FEE9C3 /* Sources */,
				4E4EAAA020A1B86E00FEE9C3 /* Frameworks */,
				4E4EAAA120A1B86E00FEE9C3 /* Resources */,
				EACA2A65BA95F8995FC83E02 /* [CP] Embed Pods Frameworks */,
				665C7E6400697F5995F36401 /* [CP] Copy Pods Resources */,
			);
			buildRules = (
			);
			dependencies = (
			);
			name = AllIn;
			productName = AllIn;
			productReference = 4E4EAAA320A1B86E00FEE9C3 /* AllIn.app */;
			productType = "com.apple.product-type.application";
		};
/* End PBXNativeTarget section */

/* Begin PBXProject section */
		4E4EAA9B20A1B86E00FEE9C3 /* Project object */ = {
			isa = PBXProject;
			attributes = {
				LastSwiftUpdateCheck = 0930;
				LastUpgradeCheck = 0930;
				ORGANIZATIONNAME = MarsStudio;
				TargetAttributes = {
					4E4EAAA220A1B86E00FEE9C3 = {
						CreatedOnToolsVersion = 9.3;
					};
				};
			};
			buildConfigurationList = 4E4EAA9E20A1B86E00FEE9C3 /* Build configuration list for PBXProject "AllIn" */;
			compatibilityVersion = "Xcode 9.3";
			developmentRegion = en;
			hasScannedForEncodings = 0;
			knownRegions = (
				en,
				Base,
			);
			mainGroup = 4E4EAA9A20A1B86E00FEE9C3;
			productRefGroup = 4E4EAAA420A1B86E00FEE9C3 /* Products */;
			projectDirPath = "";
			projectRoot = "";
			targets = (
				4E4EAAA220A1B86E00FEE9C3 /* AllIn */,
			);
		};
/* End PBXProject section */

/* Begin PBXResourcesBuildPhase section */
		4E4EAAA120A1B86E00FEE9C3 /* Resources */ = {
			isa = PBXResourcesBuildPhase;
			buildActionMask = 2147483647;
			files = (
				4ED4D01020A1F573009AABDE /* SF-Pro-Display-Medium.otf in Resources */,
				4ED4D01120A1F573009AABDE /* SF-Pro-Display-Bold.otf in Resources */,
				4ED4D01220A1F573009AABDE /* SF-Pro-Display-Light.otf in Resources */,
				4ED4D01320A1F573009AABDE /* SF-Pro-Display-Semibold.otf in Resources */,
				4ED4D01420A1F573009AABDE /* SF-Pro-Display-Regular.otf in Resources */,
				4ED4D01520A1F573009AABDE /* SFProText-Light.ttf in Resources */,
				4ED4CFFC20A1C4EC009AABDE /* Auth.storyboard in Resources */,
				4E4EAAB120A1B86F00FEE9C3 /* LaunchScreen.storyboard in Resources */,
				4E4EAAAE20A1B86F00FEE9C3 /* Assets.xcassets in Resources */,
				4E4EAAAC20A1B86E00FEE9C3 /* Main.storyboard in Resources */,
			);
			runOnlyForDeploymentPostprocessing = 0;
		};
/* End PBXResourcesBuildPhase section */

/* Begin PBXShellScriptBuildPhase section */
		4EA9D1C9E056A7CC3AA6BD4D /* [CP] Check Pods Manifest.lock */ = {
			isa = PBXShellScriptBuildPhase;
			buildActionMask = 2147483647;
			files = (
			);
			inputPaths = (
				"${PODS_PODFILE_DIR_PATH}/Podfile.lock",
				"${PODS_ROOT}/Manifest.lock",
			);
			name = "[CP] Check Pods Manifest.lock";
			outputPaths = (
				"$(DERIVED_FILE_DIR)/Pods-AllIn-checkManifestLockResult.txt",
			);
			runOnlyForDeploymentPostprocessing = 0;
			shellPath = /bin/sh;
			shellScript = "diff \"${PODS_PODFILE_DIR_PATH}/Podfile.lock\" \"${PODS_ROOT}/Manifest.lock\" > /dev/null\nif [ $? != 0 ] ; then\n    # print error to STDERR\n    echo \"error: The sandbox is not in sync with the Podfile.lock. Run 'pod install' or update your CocoaPods installation.\" >&2\n    exit 1\nfi\n# This output is used by Xcode 'outputs' to avoid re-running this script phase.\necho \"SUCCESS\" > \"${SCRIPT_OUTPUT_FILE_0}\"\n";
			showEnvVarsInLog = 0;
		};
		665C7E6400697F5995F36401 /* [CP] Copy Pods Resources */ = {
			isa = PBXShellScriptBuildPhase;
			buildActionMask = 2147483647;
			files = (
			);
			inputPaths = (
			);
			name = "[CP] Copy Pods Resources";
			outputPaths = (
			);
			runOnlyForDeploymentPostprocessing = 0;
			shellPath = /bin/sh;
			shellScript = "\"${SRCROOT}/Pods/Target Support Files/Pods-AllIn/Pods-AllIn-resources.sh\"\n";
			showEnvVarsInLog = 0;
		};
		EACA2A65BA95F8995FC83E02 /* [CP] Embed Pods Frameworks */ = {
			isa = PBXShellScriptBuildPhase;
			buildActionMask = 2147483647;
			files = (
			);
			inputPaths = (
				"${SRCROOT}/Pods/Target Support Files/Pods-AllIn/Pods-AllIn-frameworks.sh",
				"${BUILT_PRODUCTS_DIR}/Alamofire/Alamofire.framework",
			);
			name = "[CP] Embed Pods Frameworks";
			outputPaths = (
				"${TARGET_BUILD_DIR}/${FRAMEWORKS_FOLDER_PATH}/Alamofire.framework",
			);
			runOnlyForDeploymentPostprocessing = 0;
			shellPath = /bin/sh;
			shellScript = "\"${SRCROOT}/Pods/Target Support Files/Pods-AllIn/Pods-AllIn-frameworks.sh\"\n";
			showEnvVarsInLog = 0;
		};
/* End PBXShellScriptBuildPhase section */

/* Begin PBXSourcesBuildPhase section */
		4E4EAA9F20A1B86E00FEE9C3 /* Sources */ = {
			isa = PBXSourcesBuildPhase;
			buildActionMask = 2147483647;
			files = (
				4ED4D00020A1C545009AABDE /* SignInViewController.swift in Sources */,
				4E4EAAA920A1B86E00FEE9C3 /* ViewController.swift in Sources */,
				4ED4D01920A1F8B7009AABDE /* CustomLabel.swift in Sources */,
				4ED4D01B20A20B1A009AABDE /* FloatLabelTextField.swift in Sources */,
				4ED4D00220A1C553009AABDE /* ResetPasswordViewController.swift in Sources */,
				4ED4D00F20A1E1E5009AABDE /* CustomView.swift in Sources */,
				4ED4D00720A1D175009AABDE /* UIExtension.swift in Sources */,
				4ED4D01720A1F803009AABDE /* DeviceExtensions.swift in Sources */,
				4ED4D00B20A1D919009AABDE /* CustomButton.swift in Sources */,
				4ED4CFFE20A1C51E009AABDE /* StartingViewController.swift in Sources */,
				4E4EAAA720A1B86E00FEE9C3 /* AppDelegate.swift in Sources */,
				4ED4D00520A1C5D9009AABDE /* BaseViewController.swift in Sources */,
			);
			runOnlyForDeploymentPostprocessing = 0;
		};
/* End PBXSourcesBuildPhase section */

/* Begin PBXVariantGroup section */
		4E4EAAAA20A1B86E00FEE9C3 /* Main.storyboard */ = {
			isa = PBXVariantGroup;
			children = (
				4E4EAAAB20A1B86E00FEE9C3 /* Base */,
			);
			name = Main.storyboard;
			sourceTree = "<group>";
		};
		4E4EAAAF20A1B86F00FEE9C3 /* LaunchScreen.storyboard */ = {
			isa = PBXVariantGroup;
			children = (
				4E4EAAB020A1B86F00FEE9C3 /* Base */,
			);
			name = LaunchScreen.storyboard;
			sourceTree = "<group>";
		};
/* End PBXVariantGroup section */

/* Begin XCBuildConfiguration section */
		4E4EAAB320A1B86F00FEE9C3 /* Debug */ = {
			isa = XCBuildConfiguration;
			buildSettings = {
				ALWAYS_SEARCH_USER_PATHS = NO;
				CLANG_ANALYZER_NONNULL = YES;
				CLANG_ANALYZER_NUMBER_OBJECT_CONVERSION = YES_AGGRESSIVE;
				CLANG_CXX_LANGUAGE_STANDARD = "gnu++14";
				CLANG_CXX_LIBRARY = "libc++";
				CLANG_ENABLE_MODULES = YES;
				CLANG_ENABLE_OBJC_ARC = YES;
				CLANG_ENABLE_OBJC_WEAK = YES;
				CLANG_WARN_BLOCK_CAPTURE_AUTORELEASING = YES;
				CLANG_WARN_BOOL_CONVERSION = YES;
				CLANG_WARN_COMMA = YES;
				CLANG_WARN_CONSTANT_CONVERSION = YES;
				CLANG_WARN_DEPRECATED_OBJC_IMPLEMENTATIONS = YES;
				CLANG_WARN_DIRECT_OBJC_ISA_USAGE = YES_ERROR;
				CLANG_WARN_DOCUMENTATION_COMMENTS = YES;
				CLANG_WARN_EMPTY_BODY = YES;
				CLANG_WARN_ENUM_CONVERSION = YES;
				CLANG_WARN_INFINITE_RECURSION = YES;
				CLANG_WARN_INT_CONVERSION = YES;
				CLANG_WARN_NON_LITERAL_NULL_CONVERSION = YES;
				CLANG_WARN_OBJC_IMPLICIT_RETAIN_SELF = YES;
				CLANG_WARN_OBJC_LITERAL_CONVERSION = YES;
				CLANG_WARN_OBJC_ROOT_CLASS = YES_ERROR;
				CLANG_WARN_RANGE_LOOP_ANALYSIS = YES;
				CLANG_WARN_STRICT_PROTOTYPES = YES;
				CLANG_WARN_SUSPICIOUS_MOVE = YES;
				CLANG_WARN_UNGUARDED_AVAILABILITY = YES_AGGRESSIVE;
				CLANG_WARN_UNREACHABLE_CODE = YES;
				CLANG_WARN__DUPLICATE_METHOD_MATCH = YES;
				CODE_SIGN_IDENTITY = "iPhone Developer";
				COPY_PHASE_STRIP = NO;
				DEBUG_INFORMATION_FORMAT = dwarf;
				ENABLE_STRICT_OBJC_MSGSEND = YES;
				ENABLE_TESTABILITY = YES;
				GCC_C_LANGUAGE_STANDARD = gnu11;
				GCC_DYNAMIC_NO_PIC = NO;
				GCC_NO_COMMON_BLOCKS = YES;
				GCC_OPTIMIZATION_LEVEL = 0;
				GCC_PREPROCESSOR_DEFINITIONS = (
					"DEBUG=1",
					"$(inherited)",
				);
				GCC_WARN_64_TO_32_BIT_CONVERSION = YES;
				GCC_WARN_ABOUT_RETURN_TYPE = YES_ERROR;
				GCC_WARN_UNDECLARED_SELECTOR = YES;
				GCC_WARN_UNINITIALIZED_AUTOS = YES_AGGRESSIVE;
				GCC_WARN_UNUSED_FUNCTION = YES;
				GCC_WARN_UNUSED_VARIABLE = YES;
				IPHONEOS_DEPLOYMENT_TARGET = 11.3;
				MTL_ENABLE_DEBUG_INFO = YES;
				ONLY_ACTIVE_ARCH = YES;
				SDKROOT = iphoneos;
				SWIFT_ACTIVE_COMPILATION_CONDITIONS = DEBUG;
				SWIFT_OPTIMIZATION_LEVEL = "-Onone";
			};
			name = Debug;
		};
		4E4EAAB420A1B86F00FEE9C3 /* Release */ = {
			isa = XCBuildConfiguration;
			buildSettings = {
				ALWAYS_SEARCH_USER_PATHS = NO;
				CLANG_ANALYZER_NONNULL = YES;
				CLANG_ANALYZER_NUMBER_OBJECT_CONVERSION = YES_AGGRESSIVE;
				CLANG_CXX_LANGUAGE_STANDARD = "gnu++14";
				CLANG_CXX_LIBRARY = "libc++";
				CLANG_ENABLE_MODULES = YES;
				CLANG_ENABLE_OBJC_ARC = YES;
				CLANG_ENABLE_OBJC_WEAK = YES;
				CLANG_WARN_BLOCK_CAPTURE_AUTORELEASING = YES;
				CLANG_WARN_BOOL_CONVERSION = YES;
				CLANG_WARN_COMMA = YES;
				CLANG_WARN_CONSTANT_CONVERSION = YES;
				CLANG_WARN_DEPRECATED_OBJC_IMPLEMENTATIONS = YES;
				CLANG_WARN_DIRECT_OBJC_ISA_USAGE = YES_ERROR;
				CLANG_WARN_DOCUMENTATION_COMMENTS = YES;
				CLANG_WARN_EMPTY_BODY = YES;
				CLANG_WARN_ENUM_CONVERSION = YES;
				CLANG_WARN_INFINITE_RECURSION = YES;
				CLANG_WARN_INT_CONVERSION = YES;
				CLANG_WARN_NON_LITERAL_NULL_CONVERSION = YES;
				CLANG_WARN_OBJC_IMPLICIT_RETAIN_SELF = YES;
				CLANG_WARN_OBJC_LITERAL_CONVERSION = YES;
				CLANG_WARN_OBJC_ROOT_CLASS = YES_ERROR;
				CLANG_WARN_RANGE_LOOP_ANALYSIS = YES;
				CLANG_WARN_STRICT_PROTOTYPES = YES;
				CLANG_WARN_SUSPICIOUS_MOVE = YES;
				CLANG_WARN_UNGUARDED_AVAILABILITY = YES_AGGRESSIVE;
				CLANG_WARN_UNREACHABLE_CODE = YES;
				CLANG_WARN__DUPLICATE_METHOD_MATCH = YES;
				CODE_SIGN_IDENTITY = "iPhone Developer";
				COPY_PHASE_STRIP = NO;
				DEBUG_INFORMATION_FORMAT = "dwarf-with-dsym";
				ENABLE_NS_ASSERTIONS = NO;
				ENABLE_STRICT_OBJC_MSGSEND = YES;
				GCC_C_LANGUAGE_STANDARD = gnu11;
				GCC_NO_COMMON_BLOCKS = YES;
				GCC_WARN_64_TO_32_BIT_CONVERSION = YES;
				GCC_WARN_ABOUT_RETURN_TYPE = YES_ERROR;
				GCC_WARN_UNDECLARED_SELECTOR = YES;
				GCC_WARN_UNINITIALIZED_AUTOS = YES_AGGRESSIVE;
				GCC_WARN_UNUSED_FUNCTION = YES;
				GCC_WARN_UNUSED_VARIABLE = YES;
				IPHONEOS_DEPLOYMENT_TARGET = 11.3;
				MTL_ENABLE_DEBUG_INFO = NO;
				SDKROOT = iphoneos;
				SWIFT_COMPILATION_MODE = wholemodule;
				SWIFT_OPTIMIZATION_LEVEL = "-O";
				VALIDATE_PRODUCT = YES;
			};
			name = Release;
		};
		4E4EAAB620A1B86F00FEE9C3 /* Debug */ = {
			isa = XCBuildConfiguration;
			baseConfigurationReference = 1CF6C885F934E8A4A2FA3081 /* Pods-AllIn.debug.xcconfig */;
			buildSettings = {
				ASSETCATALOG_COMPILER_APPICON_NAME = AppIcon;
				CODE_SIGN_STYLE = Automatic;
				DEVELOPMENT_TEAM = 627S52R59N;
				INFOPLIST_FILE = "$(SRCROOT)/AllIn/Supporting Files/Info.plist";
				IPHONEOS_DEPLOYMENT_TARGET = 10;
				LD_RUNPATH_SEARCH_PATHS = "$(inherited) @executable_path/Frameworks";
				PRODUCT_BUNDLE_IDENTIFIER = MS.AllIn;
				PRODUCT_NAME = "$(TARGET_NAME)";
				SWIFT_VERSION = 4.0;
				TARGETED_DEVICE_FAMILY = "1,2";
			};
			name = Debug;
		};
		4E4EAAB720A1B86F00FEE9C3 /* Release */ = {
			isa = XCBuildConfiguration;
			baseConfigurationReference = 724BEF1A451BBD68079CF040 /* Pods-AllIn.release.xcconfig */;
			buildSettings = {
				ASSETCATALOG_COMPILER_APPICON_NAME = AppIcon;
				CODE_SIGN_STYLE = Automatic;
				DEVELOPMENT_TEAM = 627S52R59N;
				INFOPLIST_FILE = "$(SRCROOT)/AllIn/Supporting Files/Info.plist";
				IPHONEOS_DEPLOYMENT_TARGET = 10;
				LD_RUNPATH_SEARCH_PATHS = "$(inherited) @executable_path/Frameworks";
				PRODUCT_BUNDLE_IDENTIFIER = MS.AllIn;
				PRODUCT_NAME = "$(TARGET_NAME)";
				SWIFT_VERSION = 4.0;
				TARGETED_DEVICE_FAMILY = "1,2";
			};
			name = Release;
		};
/* End XCBuildConfiguration section */

/* Begin XCConfigurationList section */
		4E4EAA9E20A1B86E00FEE9C3 /* Build configuration list for PBXProject "AllIn" */ = {
			isa = XCConfigurationList;
			buildConfigurations = (
				4E4EAAB320A1B86F00FEE9C3 /* Debug */,
				4E4EAAB420A1B86F00FEE9C3 /* Release */,
			);
			defaultConfigurationIsVisible = 0;
			defaultConfigurationName = Release;
		};
		4E4EAAB520A1B86F00FEE9C3 /* Build configuration list for PBXNativeTarget "AllIn" */ = {
			isa = XCConfigurationList;
			buildConfigurations = (
				4E4EAAB620A1B86F00FEE9C3 /* Debug */,
				4E4EAAB720A1B86F00FEE9C3 /* Release */,
			);
			defaultConfigurationIsVisible = 0;
			defaultConfigurationName = Release;
		};
/* End XCConfigurationList section */
	};
	rootObject = 4E4EAA9B20A1B86E00FEE9C3 /* Project object */;
}
